
Microsoft Visual Studio Solution File, Format Version 12.00
# Visual Studio Version 17
VisualStudioVersion = 17.2.32526.322
MinimumVisualStudioVersion = 10.0.40219.1
Project("{FAE04EC0-301F-11D3-BF4B-00C04F79EFBC}") = "CSharpDemo_Lab_2", "CSharpDemo_Lab_2\CSharpDemo_Lab_2.csproj", "{FC6DAF11-C0A6-4D49-BCC4-2AA093FAE708}"
EndProject
Global
	GlobalSection(SolutionConfigurationPlatforms) = preSolution
		Debug|Any CPU = Debug|Any CPU
		Release|Any CPU = Release|Any CPU
	EndGlobalSection
	GlobalSection(ProjectConfigurationPlatforms) = postSolution
		{FC6DAF11-C0A6-4D49-BCC4-2AA093FAE708}.Debug|Any CPU.ActiveCfg = Debug|Any CPU
		{FC6DAF11-C0A6-4D49-BCC4-2AA093FAE708}.Debug|Any CPU.Build.0 = Debug|Any CPU
		{FC6DAF11-C0A6-4D49-BCC4-2AA093FAE708}.Release|Any CPU.ActiveCfg = Release|Any CPU
		{FC6DAF11-C0A6-4D49-BCC4-2AA093FAE708}.Release|Any CPU.Build.0 = Release|Any CPU
	EndGlobalSection
	GlobalSection(SolutionProperties) = preSolution
		HideSolutionNode = FALSE
	EndGlobalSection
	GlobalSection(ExtensibilityGlobals) = postSolution
		SolutionGuid = {110623CE-3DBC-435A-80F3-8D48C8897C04}
	EndGlobalSection
EndGlobal
